
Microsoft Visual Studio Solution File, Format Version 12.00
# Visual Studio Version 17
VisualStudioVersion = 17.8.34322.80
MinimumVisualStudioVersion = 10.0.40219.1
Project("{FAE04EC0-301F-11D3-BF4B-00C04F79EFBC}") = "Lesson1", "Lesson1\Lesson1.csproj", "{61CD0040-EBED-454F-AE96-5736E82A7D64}"
EndProject
Project("{FAE04EC0-301F-11D3-BF4B-00C04F79EFBC}") = "APIEntity", "APIEntity\APIEntity.csproj", "{717359FD-57F9-4FA8-909A-3449F58E9327}"
EndProject
Global
	GlobalSection(SolutionConfigurationPlatforms) = preSolution
		Debug|Any CPU = Debug|Any CPU
		Release|Any CPU = Release|Any CPU
	EndGlobalSection
	GlobalSection(ProjectConfigurationPlatforms) = postSolution
		{61CD0040-EBED-454F-AE96-5736E82A7D64}.Debug|Any CPU.ActiveCfg = Debug|Any CPU
		{61CD0040-EBED-454F-AE96-5736E82A7D64}.Debug|Any CPU.Build.0 = Debug|Any CPU
		{61CD0040-EBED-454F-AE96-5736E82A7D64}.Release|Any CPU.ActiveCfg = Release|Any CPU
		{61CD0040-EBED-454F-AE96-5736E82A7D64}.Release|Any CPU.Build.0 = Release|Any CPU
		{717359FD-57F9-4FA8-909A-3449F58E9327}.Debug|Any CPU.ActiveCfg = Debug|Any CPU
		{717359FD-57F9-4FA8-909A-3449F58E9327}.Debug|Any CPU.Build.0 = Debug|Any CPU
		{717359FD-57F9-4FA8-909A-3449F58E9327}.Release|Any CPU.ActiveCfg = Release|Any CPU
		{717359FD-57F9-4FA8-909A-3449F58E9327}.Release|Any CPU.Build.0 = Release|Any CPU
	EndGlobalSection
	GlobalSection(SolutionProperties) = preSolution
		HideSolutionNode = FALSE
	EndGlobalSection
	GlobalSection(ExtensibilityGlobals) = postSolution
		SolutionGuid = {C6A9E3F3-ACBF-48BA-8846-26ACCFBBC070}
	EndGlobalSection
EndGlobal
